
Microsoft Visual Studio Solution File, Format Version 12.00
# Visual Studio 14
VisualStudioVersion = 14.0.25420.1
MinimumVisualStudioVersion = 10.0.40219.1
Project("{8BC9CEB8-8B4A-11D0-8D11-00A0C91BC942}") = "MUI", "MUI\MUI.vcxproj", "{27626A27-29B3-4F87-9BE8-7DDF9E59932A}"
EndProject
Project("{8BC9CEB8-8B4A-11D0-8D11-00A0C91BC942}") = "Compass", "Compass\Compass.vcxproj", "{051791D1-8597-42C0-8955-5B3AE333D95F}"
EndProject
Project("{8BC9CEB8-8B4A-11D0-8D11-00A0C91BC942}") = "Temperature", "Temperature\Temperature.vcxproj", "{FE9EE4B4-3795-4D81-9704-89FBDD4163FE}"
EndProject
Project("{8BC9CEB8-8B4A-11D0-8D11-00A0C91BC942}") = "Depth", "Depth\Depth.vcxproj", "{6B0684BF-EDD0-493E-83F2-FA3DEEE3356D}"
EndProject
Project("{8BC9CEB8-8B4A-11D0-8D11-00A0C91BC942}") = "Menu", "Menu\Menu.vcxproj", "{3FD2D6BE-E5AB-4D30-B334-68F5ABA5D917}"
EndProject
Project("{8BC9CEB8-8B4A-11D0-8D11-00A0C91BC942}") = "Video", "Video\Video.vcxproj", "{E0F2E38F-1612-4AB0-ADCE-E93609C14198}"
EndProject
Project("{8BC9CEB8-8B4A-11D0-8D11-00A0C91BC942}") = "ALL", "ALL\ALL.vcxproj", "{2B82A3EC-124A-4F33-AF90-B9BE81883C9E}"
EndProject
Project("{8BC9CEB8-8B4A-11D0-8D11-00A0C91BC942}") = "Voyage", "Voyage\Voyage.vcxproj", "{ABE55AC7-72B6-4ACD-BE3B-85681D66C41E}"
EndProject
Project("{2150E333-8FDC-42A3-9474-1A3956D46DE8}") = "Solution Items", "Solution Items", "{FF9F65EE-15D5-4585-91C4-FAC352D216B8}"
	ProjectSection(SolutionItems) = preProject
		readme.md = readme.md
	EndProjectSection
EndProject
Project("{8BC9CEB8-8B4A-11D0-8D11-00A0C91BC942}") = "Plugin", "Plugin\Plugin.vcxproj", "{D31E8638-53F3-4933-A376-1200E1BFAF00}"
EndProject
Project("{8BC9CEB8-8B4A-11D0-8D11-00A0C91BC942}") = "Serial", "Serial\Serial.vcxproj", "{99321B69-79C3-4BD9-9F9B-F2E3D8075DA5}"
EndProject
Project("{8BC9CEB8-8B4A-11D0-8D11-00A0C91BC942}") = "Power", "Power\Power.vcxproj", "{5EFE46CC-4C28-4909-9E38-9C7907C95E46}"
EndProject
Project("{8BC9CEB8-8B4A-11D0-8D11-00A0C91BC942}") = "INSTALL", "INSTALL\INSTALL.vcxproj", "{AA9746D3-5B14-4685-854B-0C0937E7F7C9}"
EndProject
Project("{8BC9CEB8-8B4A-11D0-8D11-00A0C91BC942}") = "Thread", "Thread\Thread.vcxproj", "{C0288D99-F692-4E55-B63D-784F80150A30}"
EndProject
Project("{8BC9CEB8-8B4A-11D0-8D11-00A0C91BC942}") = "Welcome", "Welcome\Welcome.vcxproj", "{368A8F91-6491-4266-B44E-38F6368A93AE}"
EndProject
Project("{8BC9CEB8-8B4A-11D0-8D11-00A0C91BC942}") = "OSG3D", "OSG3D\OSG3D.vcxproj", "{AB1D101E-FE3C-47BC-97EF-77FB8F881B79}"
EndProject
Project("{8BC9CEB8-8B4A-11D0-8D11-00A0C91BC942}") = "Map", "Map\Map.vcxproj", "{1C36D2E1-3B76-44DE-B5EB-E5695BF5AF20}"
EndProject
Project("{8BC9CEB8-8B4A-11D0-8D11-00A0C91BC942}") = "Algorithms", "Algorithms\Algorithms.vcxproj", "{8ECF45AF-4E52-4185-9F40-311F189B3B8A}"
EndProject
Project("{8BC9CEB8-8B4A-11D0-8D11-00A0C91BC942}") = "TCP", "TCP\TCP.vcxproj", "{C53AB0E4-C7E4-4873-84F0-98DB72DF3FD3}"
EndProject
Project("{8BC9CEB8-8B4A-11D0-8D11-00A0C91BC942}") = "Hydrophone", "Hydrophone\Hydrophone.vcxproj", "{91D5D57C-DE8C-4204-A536-EA2E3BD17910}"
EndProject
Project("{8BC9CEB8-8B4A-11D0-8D11-00A0C91BC942}") = "Joysticks", "Joysticks\Joysticks.vcxproj", "{02A690B6-2C5B-4046-986D-80394E46A717}"
EndProject
Project("{8BC9CEB8-8B4A-11D0-8D11-00A0C91BC942}") = "LaserScanning", "LaserScanning\LaserScanning.vcxproj", "{30F8641B-3C59-4D26-8791-AE292266777A}"
EndProject
Project("{8BC9CEB8-8B4A-11D0-8D11-00A0C91BC942}") = "QJoystick", "QJoystick\QJoystick.vcxproj", "{C56EFB3A-D990-4A01-BE3D-CB930DBB4E79}"
EndProject
Project("{8BC9CEB8-8B4A-11D0-8D11-00A0C91BC942}") = "QBX", "QBX\QBX.vcxproj", "{B12702AD-ABFB-343A-A199-8E24837244A3}"
EndProject
Global
	GlobalSection(SolutionConfigurationPlatforms) = preSolution
		Debug|x64 = Debug|x64
		Debug|x86 = Debug|x86
		Release|x64 = Release|x64
		Release|x86 = Release|x86
	EndGlobalSection
	GlobalSection(ProjectConfigurationPlatforms) = postSolution
		{27626A27-29B3-4F87-9BE8-7DDF9E59932A}.Debug|x64.ActiveCfg = Debug|x64
		{27626A27-29B3-4F87-9BE8-7DDF9E59932A}.Debug|x64.Build.0 = Debug|x64
		{27626A27-29B3-4F87-9BE8-7DDF9E59932A}.Debug|x86.ActiveCfg = Debug|Win32
		{27626A27-29B3-4F87-9BE8-7DDF9E59932A}.Debug|x86.Build.0 = Debug|Win32
		{27626A27-29B3-4F87-9BE8-7DDF9E59932A}.Release|x64.ActiveCfg = Release|x64
		{27626A27-29B3-4F87-9BE8-7DDF9E59932A}.Release|x64.Build.0 = Release|x64
		{27626A27-29B3-4F87-9BE8-7DDF9E59932A}.Release|x86.ActiveCfg = Release|Win32
		{27626A27-29B3-4F87-9BE8-7DDF9E59932A}.Release|x86.Build.0 = Release|Win32
		{051791D1-8597-42C0-8955-5B3AE333D95F}.Debug|x64.ActiveCfg = Debug|x64
		{051791D1-8597-42C0-8955-5B3AE333D95F}.Debug|x64.Build.0 = Debug|x64
		{051791D1-8597-42C0-8955-5B3AE333D95F}.Debug|x86.ActiveCfg = Debug|Win32
		{051791D1-8597-42C0-8955-5B3AE333D95F}.Debug|x86.Build.0 = Debug|Win32
		{051791D1-8597-42C0-8955-5B3AE333D95F}.Release|x64.ActiveCfg = Release|x64
		{051791D1-8597-42C0-8955-5B3AE333D95F}.Release|x64.Build.0 = Release|x64
		{051791D1-8597-42C0-8955-5B3AE333D95F}.Release|x86.ActiveCfg = Release|Win32
		{051791D1-8597-42C0-8955-5B3AE333D95F}.Release|x86.Build.0 = Release|Win32
		{FE9EE4B4-3795-4D81-9704-89FBDD4163FE}.Debug|x64.ActiveCfg = Debug|x64
		{FE9EE4B4-3795-4D81-9704-89FBDD4163FE}.Debug|x64.Build.0 = Debug|x64
		{FE9EE4B4-3795-4D81-9704-89FBDD4163FE}.Debug|x86.ActiveCfg = Debug|Win32
		{FE9EE4B4-3795-4D81-9704-89FBDD4163FE}.Debug|x86.Build.0 = Debug|Win32
		{FE9EE4B4-3795-4D81-9704-89FBDD4163FE}.Release|x64.ActiveCfg = Release|x64
		{FE9EE4B4-3795-4D81-9704-89FBDD4163FE}.Release|x64.Build.0 = Release|x64
		{FE9EE4B4-3795-4D81-9704-89FBDD4163FE}.Release|x86.ActiveCfg = Release|Win32
		{FE9EE4B4-3795-4D81-9704-89FBDD4163FE}.Release|x86.Build.0 = Release|Win32
		{6B0684BF-EDD0-493E-83F2-FA3DEEE3356D}.Debug|x64.ActiveCfg = Debug|x64
		{6B0684BF-EDD0-493E-83F2-FA3DEEE3356D}.Debug|x64.Build.0 = Debug|x64
		{6B0684BF-EDD0-493E-83F2-FA3DEEE3356D}.Debug|x86.ActiveCfg = Debug|Win32
		{6B0684BF-EDD0-493E-83F2-FA3DEEE3356D}.Debug|x86.Build.0 = Debug|Win32
		{6B0684BF-EDD0-493E-83F2-FA3DEEE3356D}.Release|x64.ActiveCfg = Release|x64
		{6B0684BF-EDD0-493E-83F2-FA3DEEE3356D}.Release|x64.Build.0 = Release|x64
		{6B0684BF-EDD0-493E-83F2-FA3DEEE3356D}.Release|x86.ActiveCfg = Release|Win32
		{6B0684BF-EDD0-493E-83F2-FA3DEEE3356D}.Release|x86.Build.0 = Release|Win32
		{3FD2D6BE-E5AB-4D30-B334-68F5ABA5D917}.Debug|x64.ActiveCfg = Debug|x64
		{3FD2D6BE-E5AB-4D30-B334-68F5ABA5D917}.Debug|x64.Build.0 = Debug|x64
		{3FD2D6BE-E5AB-4D30-B334-68F5ABA5D917}.Debug|x86.ActiveCfg = Debug|Win32
		{3FD2D6BE-E5AB-4D30-B334-68F5ABA5D917}.Debug|x86.Build.0 = Debug|Win32
		{3FD2D6BE-E5AB-4D30-B334-68F5ABA5D917}.Release|x64.ActiveCfg = Release|x64
		{3FD2D6BE-E5AB-4D30-B334-68F5ABA5D917}.Release|x64.Build.0 = Release|x64
		{3FD2D6BE-E5AB-4D30-B334-68F5ABA5D917}.Release|x86.ActiveCfg = Release|Win32
		{3FD2D6BE-E5AB-4D30-B334-68F5ABA5D917}.Release|x86.Build.0 = Release|Win32
		{E0F2E38F-1612-4AB0-ADCE-E93609C14198}.Debug|x64.ActiveCfg = Debug|x64
		{E0F2E38F-1612-4AB0-ADCE-E93609C14198}.Debug|x64.Build.0 = Debug|x64
		{E0F2E38F-1612-4AB0-ADCE-E93609C14198}.Debug|x86.ActiveCfg = Debug|Win32
		{E0F2E38F-1612-4AB0-ADCE-E93609C14198}.Debug|x86.Build.0 = Debug|Win32
		{E0F2E38F-1612-4AB0-ADCE-E93609C14198}.Release|x64.ActiveCfg = Release|x64
		{E0F2E38F-1612-4AB0-ADCE-E93609C14198}.Release|x64.Build.0 = Release|x64
		{E0F2E38F-1612-4AB0-ADCE-E93609C14198}.Release|x86.ActiveCfg = Release|Win32
		{E0F2E38F-1612-4AB0-ADCE-E93609C14198}.Release|x86.Build.0 = Release|Win32
		{2B82A3EC-124A-4F33-AF90-B9BE81883C9E}.Debug|x64.ActiveCfg = Debug|x64
		{2B82A3EC-124A-4F33-AF90-B9BE81883C9E}.Debug|x64.Build.0 = Debug|x64
		{2B82A3EC-124A-4F33-AF90-B9BE81883C9E}.Debug|x86.ActiveCfg = Debug|Win32
		{2B82A3EC-124A-4F33-AF90-B9BE81883C9E}.Debug|x86.Build.0 = Debug|Win32
		{2B82A3EC-124A-4F33-AF90-B9BE81883C9E}.Release|x64.ActiveCfg = Release|x64
		{2B82A3EC-124A-4F33-AF90-B9BE81883C9E}.Release|x64.Build.0 = Release|x64
		{2B82A3EC-124A-4F33-AF90-B9BE81883C9E}.Release|x86.ActiveCfg = Release|Win32
		{2B82A3EC-124A-4F33-AF90-B9BE81883C9E}.Release|x86.Build.0 = Release|Win32
		{ABE55AC7-72B6-4ACD-BE3B-85681D66C41E}.Debug|x64.ActiveCfg = Debug|x64
		{ABE55AC7-72B6-4ACD-BE3B-85681D66C41E}.Debug|x64.Build.0 = Debug|x64
		{ABE55AC7-72B6-4ACD-BE3B-85681D66C41E}.Debug|x86.ActiveCfg = Debug|Win32
		{ABE55AC7-72B6-4ACD-BE3B-85681D66C41E}.Debug|x86.Build.0 = Debug|Win32
		{ABE55AC7-72B6-4ACD-BE3B-85681D66C41E}.Release|x64.ActiveCfg = Release|x64
		{ABE55AC7-72B6-4ACD-BE3B-85681D66C41E}.Release|x64.Build.0 = Release|x64
		{ABE55AC7-72B6-4ACD-BE3B-85681D66C41E}.Release|x86.ActiveCfg = Release|Win32
		{ABE55AC7-72B6-4ACD-BE3B-85681D66C41E}.Release|x86.Build.0 = Release|Win32
		{D31E8638-53F3-4933-A376-1200E1BFAF00}.Debug|x64.ActiveCfg = Debug|x64
		{D31E8638-53F3-4933-A376-1200E1BFAF00}.Debug|x64.Build.0 = Debug|x64
		{D31E8638-53F3-4933-A376-1200E1BFAF00}.Debug|x86.ActiveCfg = Debug|Win32
		{D31E8638-53F3-4933-A376-1200E1BFAF00}.Debug|x86.Build.0 = Debug|Win32
		{D31E8638-53F3-4933-A376-1200E1BFAF00}.Release|x64.ActiveCfg = Release|x64
		{D31E8638-53F3-4933-A376-1200E1BFAF00}.Release|x64.Build.0 = Release|x64
		{D31E8638-53F3-4933-A376-1200E1BFAF00}.Release|x86.ActiveCfg = Release|Win32
		{D31E8638-53F3-4933-A376-1200E1BFAF00}.Release|x86.Build.0 = Release|Win32
		{99321B69-79C3-4BD9-9F9B-F2E3D8075DA5}.Debug|x64.ActiveCfg = Debug|x64
		{99321B69-79C3-4BD9-9F9B-F2E3D8075DA5}.Debug|x64.Build.0 = Debug|x64
		{99321B69-79C3-4BD9-9F9B-F2E3D8075DA5}.Debug|x86.ActiveCfg = Debug|Win32
		{99321B69-79C3-4BD9-9F9B-F2E3D8075DA5}.Debug|x86.Build.0 = Debug|Win32
		{99321B69-79C3-4BD9-9F9B-F2E3D8075DA5}.Release|x64.ActiveCfg = Release|x64
		{99321B69-79C3-4BD9-9F9B-F2E3D8075DA5}.Release|x64.Build.0 = Release|x64
		{99321B69-79C3-4BD9-9F9B-F2E3D8075DA5}.Release|x86.ActiveCfg = Release|Win32
		{99321B69-79C3-4BD9-9F9B-F2E3D8075DA5}.Release|x86.Build.0 = Release|Win32
		{5EFE46CC-4C28-4909-9E38-9C7907C95E46}.Debug|x64.ActiveCfg = Debug|x64
		{5EFE46CC-4C28-4909-9E38-9C7907C95E46}.Debug|x64.Build.0 = Debug|x64
		{5EFE46CC-4C28-4909-9E38-9C7907C95E46}.Debug|x86.ActiveCfg = Debug|Win32
		{5EFE46CC-4C28-4909-9E38-9C7907C95E46}.Debug|x86.Build.0 = Debug|Win32
		{5EFE46CC-4C28-4909-9E38-9C7907C95E46}.Release|x64.ActiveCfg = Release|x64
		{5EFE46CC-4C28-4909-9E38-9C7907C95E46}.Release|x64.Build.0 = Release|x64
		{5EFE46CC-4C28-4909-9E38-9C7907C95E46}.Release|x86.ActiveCfg = Release|Win32
		{5EFE46CC-4C28-4909-9E38-9C7907C95E46}.Release|x86.Build.0 = Release|Win32
		{AA9746D3-5B14-4685-854B-0C0937E7F7C9}.Debug|x64.ActiveCfg = Debug|x64
		{AA9746D3-5B14-4685-854B-0C0937E7F7C9}.Debug|x64.Build.0 = Debug|x64
		{AA9746D3-5B14-4685-854B-0C0937E7F7C9}.Debug|x86.ActiveCfg = Debug|Win32
		{AA9746D3-5B14-4685-854B-0C0937E7F7C9}.Debug|x86.Build.0 = Debug|Win32
		{AA9746D3-5B14-4685-854B-0C0937E7F7C9}.Release|x64.ActiveCfg = Release|x64
		{AA9746D3-5B14-4685-854B-0C0937E7F7C9}.Release|x64.Build.0 = Release|x64
		{AA9746D3-5B14-4685-854B-0C0937E7F7C9}.Release|x86.ActiveCfg = Release|Win32
		{AA9746D3-5B14-4685-854B-0C0937E7F7C9}.Release|x86.Build.0 = Release|Win32
		{C0288D99-F692-4E55-B63D-784F80150A30}.Debug|x64.ActiveCfg = Debug|x64
		{C0288D99-F692-4E55-B63D-784F80150A30}.Debug|x64.Build.0 = Debug|x64
		{C0288D99-F692-4E55-B63D-784F80150A30}.Debug|x86.ActiveCfg = Debug|Win32
		{C0288D99-F692-4E55-B63D-784F80150A30}.Debug|x86.Build.0 = Debug|Win32
		{C0288D99-F692-4E55-B63D-784F80150A30}.Release|x64.ActiveCfg = Release|x64
		{C0288D99-F692-4E55-B63D-784F80150A30}.Release|x64.Build.0 = Release|x64
		{C0288D99-F692-4E55-B63D-784F80150A30}.Release|x86.ActiveCfg = Release|Win32
		{C0288D99-F692-4E55-B63D-784F80150A30}.Release|x86.Build.0 = Release|Win32
		{368A8F91-6491-4266-B44E-38F6368A93AE}.Debug|x64.ActiveCfg = Debug|x64
		{368A8F91-6491-4266-B44E-38F6368A93AE}.Debug|x64.Build.0 = Debug|x64
		{368A8F91-6491-4266-B44E-38F6368A93AE}.Debug|x86.ActiveCfg = Debug|Win32
		{368A8F91-6491-4266-B44E-38F6368A93AE}.Debug|x86.Build.0 = Debug|Win32
		{368A8F91-6491-4266-B44E-38F6368A93AE}.Release|x64.ActiveCfg = Release|x64
		{368A8F91-6491-4266-B44E-38F6368A93AE}.Release|x64.Build.0 = Release|x64
		{368A8F91-6491-4266-B44E-38F6368A93AE}.Release|x86.ActiveCfg = Release|Win32
		{368A8F91-6491-4266-B44E-38F6368A93AE}.Release|x86.Build.0 = Release|Win32
		{AB1D101E-FE3C-47BC-97EF-77FB8F881B79}.Debug|x64.ActiveCfg = Debug|x64
		{AB1D101E-FE3C-47BC-97EF-77FB8F881B79}.Debug|x64.Build.0 = Debug|x64
		{AB1D101E-FE3C-47BC-97EF-77FB8F881B79}.Debug|x86.ActiveCfg = Debug|Win32
		{AB1D101E-FE3C-47BC-97EF-77FB8F881B79}.Debug|x86.Build.0 = Debug|Win32
		{AB1D101E-FE3C-47BC-97EF-77FB8F881B79}.Release|x64.ActiveCfg = Release|x64
		{AB1D101E-FE3C-47BC-97EF-77FB8F881B79}.Release|x64.Build.0 = Release|x64
		{AB1D101E-FE3C-47BC-97EF-77FB8F881B79}.Release|x86.ActiveCfg = Release|Win32
		{AB1D101E-FE3C-47BC-97EF-77FB8F881B79}.Release|x86.Build.0 = Release|Win32
		{1C36D2E1-3B76-44DE-B5EB-E5695BF5AF20}.Debug|x64.ActiveCfg = Debug|x64
		{1C36D2E1-3B76-44DE-B5EB-E5695BF5AF20}.Debug|x64.Build.0 = Debug|x64
		{1C36D2E1-3B76-44DE-B5EB-E5695BF5AF20}.Debug|x86.ActiveCfg = Debug|Win32
		{1C36D2E1-3B76-44DE-B5EB-E5695BF5AF20}.Debug|x86.Build.0 = Debug|Win32
		{1C36D2E1-3B76-44DE-B5EB-E5695BF5AF20}.Release|x64.ActiveCfg = Release|x64
		{1C36D2E1-3B76-44DE-B5EB-E5695BF5AF20}.Release|x64.Build.0 = Release|x64
		{1C36D2E1-3B76-44DE-B5EB-E5695BF5AF20}.Release|x86.ActiveCfg = Release|Win32
		{1C36D2E1-3B76-44DE-B5EB-E5695BF5AF20}.Release|x86.Build.0 = Release|Win32
		{8ECF45AF-4E52-4185-9F40-311F189B3B8A}.Debug|x64.ActiveCfg = Debug|x64
		{8ECF45AF-4E52-4185-9F40-311F189B3B8A}.Debug|x64.Build.0 = Debug|x64
		{8ECF45AF-4E52-4185-9F40-311F189B3B8A}.Debug|x86.ActiveCfg = Debug|Win32
		{8ECF45AF-4E52-4185-9F40-311F189B3B8A}.Debug|x86.Build.0 = Debug|Win32
		{8ECF45AF-4E52-4185-9F40-311F189B3B8A}.Release|x64.ActiveCfg = Release|x64
		{8ECF45AF-4E52-4185-9F40-311F189B3B8A}.Release|x64.Build.0 = Release|x64
		{8ECF45AF-4E52-4185-9F40-311F189B3B8A}.Release|x86.ActiveCfg = Release|Win32
		{8ECF45AF-4E52-4185-9F40-311F189B3B8A}.Release|x86.Build.0 = Release|Win32
		{C53AB0E4-C7E4-4873-84F0-98DB72DF3FD3}.Debug|x64.ActiveCfg = Debug|x64
		{C53AB0E4-C7E4-4873-84F0-98DB72DF3FD3}.Debug|x64.Build.0 = Debug|x64
		{C53AB0E4-C7E4-4873-84F0-98DB72DF3FD3}.Debug|x86.ActiveCfg = Debug|Win32
		{C53AB0E4-C7E4-4873-84F0-98DB72DF3FD3}.Debug|x86.Build.0 = Debug|Win32
		{C53AB0E4-C7E4-4873-84F0-98DB72DF3FD3}.Release|x64.ActiveCfg = Release|x64
		{C53AB0E4-C7E4-4873-84F0-98DB72DF3FD3}.Release|x64.Build.0 = Release|x64
		{C53AB0E4-C7E4-4873-84F0-98DB72DF3FD3}.Release|x86.ActiveCfg = Release|Win32
		{C53AB0E4-C7E4-4873-84F0-98DB72DF3FD3}.Release|x86.Build.0 = Release|Win32
		{91D5D57C-DE8C-4204-A536-EA2E3BD17910}.Debug|x64.ActiveCfg = Debug|x64
		{91D5D57C-DE8C-4204-A536-EA2E3BD17910}.Debug|x64.Build.0 = Debug|x64
		{91D5D57C-DE8C-4204-A536-EA2E3BD17910}.Debug|x86.ActiveCfg = Debug|Win32
		{91D5D57C-DE8C-4204-A536-EA2E3BD17910}.Debug|x86.Build.0 = Debug|Win32
		{91D5D57C-DE8C-4204-A536-EA2E3BD17910}.Release|x64.ActiveCfg = Release|x64
		{91D5D57C-DE8C-4204-A536-EA2E3BD17910}.Release|x64.Build.0 = Release|x64
		{91D5D57C-DE8C-4204-A536-EA2E3BD17910}.Release|x86.ActiveCfg = Release|Win32
		{91D5D57C-DE8C-4204-A536-EA2E3BD17910}.Release|x86.Build.0 = Release|Win32
		{02A690B6-2C5B-4046-986D-80394E46A717}.Debug|x64.ActiveCfg = Debug|x64
		{02A690B6-2C5B-4046-986D-80394E46A717}.Debug|x64.Build.0 = Debug|x64
		{02A690B6-2C5B-4046-986D-80394E46A717}.Debug|x86.ActiveCfg = Debug|Win32
		{02A690B6-2C5B-4046-986D-80394E46A717}.Debug|x86.Build.0 = Debug|Win32
		{02A690B6-2C5B-4046-986D-80394E46A717}.Release|x64.ActiveCfg = Release|x64
		{02A690B6-2C5B-4046-986D-80394E46A717}.Release|x64.Build.0 = Release|x64
		{02A690B6-2C5B-4046-986D-80394E46A717}.Release|x86.ActiveCfg = Release|Win32
		{02A690B6-2C5B-4046-986D-80394E46A717}.Release|x86.Build.0 = Release|Win32
		{30F8641B-3C59-4D26-8791-AE292266777A}.Debug|x64.ActiveCfg = Debug|x64
		{30F8641B-3C59-4D26-8791-AE292266777A}.Debug|x64.Build.0 = Debug|x64
		{30F8641B-3C59-4D26-8791-AE292266777A}.Debug|x86.ActiveCfg = Debug|Win32
		{30F8641B-3C59-4D26-8791-AE292266777A}.Debug|x86.Build.0 = Debug|Win32
		{30F8641B-3C59-4D26-8791-AE292266777A}.Release|x64.ActiveCfg = Release|x64
		{30F8641B-3C59-4D26-8791-AE292266777A}.Release|x64.Build.0 = Release|x64
		{30F8641B-3C59-4D26-8791-AE292266777A}.Release|x86.ActiveCfg = Release|Win32
		{30F8641B-3C59-4D26-8791-AE292266777A}.Release|x86.Build.0 = Release|Win32
		{C56EFB3A-D990-4A01-BE3D-CB930DBB4E79}.Debug|x64.ActiveCfg = Debug|x64
		{C56EFB3A-D990-4A01-BE3D-CB930DBB4E79}.Debug|x64.Build.0 = Debug|x64
		{C56EFB3A-D990-4A01-BE3D-CB930DBB4E79}.Debug|x86.ActiveCfg = Debug|Win32
		{C56EFB3A-D990-4A01-BE3D-CB930DBB4E79}.Debug|x86.Build.0 = Debug|Win32
		{C56EFB3A-D990-4A01-BE3D-CB930DBB4E79}.Release|x64.ActiveCfg = Release|x64
		{C56EFB3A-D990-4A01-BE3D-CB930DBB4E79}.Release|x64.Build.0 = Release|x64
		{C56EFB3A-D990-4A01-BE3D-CB930DBB4E79}.Release|x86.ActiveCfg = Release|Win32
		{C56EFB3A-D990-4A01-BE3D-CB930DBB4E79}.Release|x86.Build.0 = Release|Win32
		{B12702AD-ABFB-343A-A199-8E24837244A3}.Debug|x64.ActiveCfg = Debug|x64
		{B12702AD-ABFB-343A-A199-8E24837244A3}.Debug|x64.Build.0 = Debug|x64
		{B12702AD-ABFB-343A-A199-8E24837244A3}.Debug|x86.ActiveCfg = Debug|Win32
		{B12702AD-ABFB-343A-A199-8E24837244A3}.Debug|x86.Build.0 = Debug|Win32
		{B12702AD-ABFB-343A-A199-8E24837244A3}.Release|x64.ActiveCfg = Release|x64
		{B12702AD-ABFB-343A-A199-8E24837244A3}.Release|x64.Build.0 = Release|x64
		{B12702AD-ABFB-343A-A199-8E24837244A3}.Release|x86.ActiveCfg = Release|Win32
		{B12702AD-ABFB-343A-A199-8E24837244A3}.Release|x86.Build.0 = Release|Win32
	EndGlobalSection
	GlobalSection(SolutionProperties) = preSolution
		HideSolutionNode = FALSE
	EndGlobalSection
EndGlobal
